// !$*UTF8*$!
{
	archiveVersion = 1;
	classes = {
	};
	objectVersion = 50;
	objects = {

/* Begin PBXBuildFile section */
		F5DE6A8022A7BE9500D26992 /* libPods-wallet.a in Frameworks */ = {isa = PBXBuildFile; fileRef = F5E99B9E22A7BE1900FF72EC /* libPods-wallet.a */; };
		F5DE6A8422A7D95F00D26992 /* Utils.swift in Sources */ = {isa = PBXBuildFile; fileRef = F5DE6A8322A7D95F00D26992 /* Utils.swift */; };
		F5DE6A8622A7E2F800D26992 /* NetworkManager.swift in Sources */ = {isa = PBXBuildFile; fileRef = F5DE6A8522A7E2F800D26992 /* NetworkManager.swift */; };
		F5DE6A8822A7EE1D00D26992 /* ETHClient.swift in Sources */ = {isa = PBXBuildFile; fileRef = F5DE6A8722A7EE1D00D26992 /* ETHClient.swift */; };
		F5DE6A9322AA730300D26992 /* BancorClient.swift in Sources */ = {isa = PBXBuildFile; fileRef = F5DE6A9222AA730300D26992 /* BancorClient.swift */; };
		F5E99B9122A7B36700FF72EC /* wallet.swift in Sources */ = {isa = PBXBuildFile; fileRef = F5E99B9022A7B36700FF72EC /* wallet.swift */; };
		F5E99B9922A7B60900FF72EC /* BigInt.framework in Frameworks */ = {isa = PBXBuildFile; fileRef = F5E99B9822A7B60800FF72EC /* BigInt.framework */; };
/* End PBXBuildFile section */

/* Begin PBXCopyFilesBuildPhase section */
		F5E99B8B22A7B36700FF72EC /* CopyFiles */ = {
			isa = PBXCopyFilesBuildPhase;
			buildActionMask = 2147483647;
			dstPath = "include/$(PRODUCT_NAME)";
			dstSubfolderSpec = 16;
			files = (
			);
			runOnlyForDeploymentPostprocessing = 0;
		};
/* End PBXCopyFilesBuildPhase section */

/* Begin PBXFileReference section */
		7D5E5918FEBDCCBAB073ACF9 /* Pods-wallet.debug.xcconfig */ = {isa = PBXFileReference; includeInIndex = 1; lastKnownFileType = text.xcconfig; name = "Pods-wallet.debug.xcconfig"; path = "Pods/Target Support Files/Pods-wallet/Pods-wallet.debug.xcconfig"; sourceTree = "<group>"; };
		F5DE6A8222A7D8BC00D26992 /* Wallet-Bridging-Header.h */ = {isa = PBXFileReference; fileEncoding = 4; lastKnownFileType = sourcecode.c.h; path = "Wallet-Bridging-Header.h"; sourceTree = "<group>"; };
		F5DE6A8322A7D95F00D26992 /* Utils.swift */ = {isa = PBXFileReference; fileEncoding = 4; lastKnownFileType = sourcecode.swift; path = Utils.swift; sourceTree = "<group>"; };
		F5DE6A8522A7E2F800D26992 /* NetworkManager.swift */ = {isa = PBXFileReference; fileEncoding = 4; lastKnownFileType = sourcecode.swift; path = NetworkManager.swift; sourceTree = "<group>"; };
		F5DE6A8722A7EE1D00D26992 /* ETHClient.swift */ = {isa = PBXFileReference; fileEncoding = 4; lastKnownFileType = sourcecode.swift; path = ETHClient.swift; sourceTree = "<group>"; };
		F5DE6A9222AA730300D26992 /* BancorClient.swift */ = {isa = PBXFileReference; fileEncoding = 4; lastKnownFileType = sourcecode.swift; path = BancorClient.swift; sourceTree = "<group>"; };
		F5E99B8D22A7B36700FF72EC /* libwallet_cnus.a */ = {isa = PBXFileReference; explicitFileType = archive.ar; includeInIndex = 0; path = libwallet_cnus.a; sourceTree = BUILT_PRODUCTS_DIR; };
		F5E99B9022A7B36700FF72EC /* wallet.swift */ = {isa = PBXFileReference; lastKnownFileType = sourcecode.swift; path = wallet.swift; sourceTree = "<group>"; };
		F5E99B9822A7B60800FF72EC /* BigInt.framework */ = {isa = PBXFileReference; lastKnownFileType = wrapper.framework; name = BigInt.framework; path = Carthage/Build/iOS/BigInt.framework; sourceTree = "<group>"; };
		F5E99B9E22A7BE1900FF72EC /* libPods-wallet.a */ = {isa = PBXFileReference; explicitFileType = archive.ar; path = "libPods-wallet.a"; sourceTree = BUILT_PRODUCTS_DIR; };
		FC3C411EAA87EB657EB77058 /* Pods-wallet.release.xcconfig */ = {isa = PBXFileReference; includeInIndex = 1; lastKnownFileType = text.xcconfig; name = "Pods-wallet.release.xcconfig"; path = "Pods/Target Support Files/Pods-wallet/Pods-wallet.release.xcconfig"; sourceTree = "<group>"; };
/* End PBXFileReference section */

/* Begin PBXFrameworksBuildPhase section */
		F5E99B8A22A7B36700FF72EC /* Frameworks */ = {
			isa = PBXFrameworksBuildPhase;
			buildActionMask = 2147483647;
			files = (
				F5DE6A8022A7BE9500D26992 /* libPods-wallet.a in Frameworks */,
				F5E99B9922A7B60900FF72EC /* BigInt.framework in Frameworks */,
			);
			runOnlyForDeploymentPostprocessing = 0;
		};
/* End PBXFrameworksBuildPhase section */

/* Begin PBXGroup section */
		007CFCA10E8F778AD804D7A3 /* Pods */ = {
			isa = PBXGroup;
			children = (
				7D5E5918FEBDCCBAB073ACF9 /* Pods-wallet.debug.xcconfig */,
				FC3C411EAA87EB657EB77058 /* Pods-wallet.release.xcconfig */,
			);
			name = Pods;
			sourceTree = "<group>";
		};
		F5E99B8422A7B36700FF72EC = {
			isa = PBXGroup;
			children = (
				F5E99B8F22A7B36700FF72EC /* wallet */,
				F5E99B8E22A7B36700FF72EC /* Products */,
				F5E99B9722A7B60800FF72EC /* Frameworks */,
				007CFCA10E8F778AD804D7A3 /* Pods */,
			);
			sourceTree = "<group>";
		};
		F5E99B8E22A7B36700FF72EC /* Products */ = {
			isa = PBXGroup;
			children = (
				F5E99B8D22A7B36700FF72EC /* libwallet_cnus.a */,
			);
			name = Products;
			sourceTree = "<group>";
		};
		F5E99B8F22A7B36700FF72EC /* wallet */ = {
			isa = PBXGroup;
			children = (
				F5DE6A9222AA730300D26992 /* BancorClient.swift */,
				F5DE6A8722A7EE1D00D26992 /* ETHClient.swift */,
				F5DE6A8522A7E2F800D26992 /* NetworkManager.swift */,
				F5DE6A8322A7D95F00D26992 /* Utils.swift */,
				F5DE6A8222A7D8BC00D26992 /* Wallet-Bridging-Header.h */,
				F5E99B9022A7B36700FF72EC /* wallet.swift */,
			);
			path = wallet;
			sourceTree = "<group>";
		};
		F5E99B9722A7B60800FF72EC /* Frameworks */ = {
			isa = PBXGroup;
			children = (
				F5E99B9E22A7BE1900FF72EC /* libPods-wallet.a */,
				F5E99B9822A7B60800FF72EC /* BigInt.framework */,
			);
			name = Frameworks;
			sourceTree = "<group>";
		};
/* End PBXGroup section */

/* Begin PBXNativeTarget section */
		F5E99B8C22A7B36700FF72EC /* wallet_cnus */ = {
			isa = PBXNativeTarget;
			buildConfigurationList = F5E99B9422A7B36700FF72EC /* Build configuration list for PBXNativeTarget "wallet_cnus" */;
			buildPhases = (
				74F4CE468824A6FCF3071AD8 /* [CP] Check Pods Manifest.lock */,
				F5E99B8922A7B36700FF72EC /* Sources */,
				F5E99B8A22A7B36700FF72EC /* Frameworks */,
				F5E99B8B22A7B36700FF72EC /* CopyFiles */,
			);
			buildRules = (
			);
			dependencies = (
			);
			name = wallet_cnus;
			productName = wallet;
			productReference = F5E99B8D22A7B36700FF72EC /* libwallet_cnus.a */;
			productType = "com.apple.product-type.library.static";
		};
/* End PBXNativeTarget section */

/* Begin PBXProject section */
		F5E99B8522A7B36700FF72EC /* Project object */ = {
			isa = PBXProject;
			attributes = {
				LastSwiftUpdateCheck = 1010;
				LastUpgradeCheck = 1010;
				ORGANIZATIONNAME = CoinUs;
				TargetAttributes = {
					F5E99B8C22A7B36700FF72EC = {
						CreatedOnToolsVersion = 10.1;
					};
				};
			};
			buildConfigurationList = F5E99B8822A7B36700FF72EC /* Build configuration list for PBXProject "wallet_cnus" */;
			compatibilityVersion = "Xcode 9.3";
			developmentRegion = en;
			hasScannedForEncodings = 0;
			knownRegions = (
				en,
			);
			mainGroup = F5E99B8422A7B36700FF72EC;
			productRefGroup = F5E99B8E22A7B36700FF72EC /* Products */;
			projectDirPath = "";
			projectRoot = "";
			targets = (
				F5E99B8C22A7B36700FF72EC /* wallet_cnus */,
			);
		};
/* End PBXProject section */

/* Begin PBXShellScriptBuildPhase section */
		74F4CE468824A6FCF3071AD8 /* [CP] Check Pods Manifest.lock */ = {
			isa = PBXShellScriptBuildPhase;
			buildActionMask = 2147483647;
			files = (
			);
			inputPaths = (
				"${PODS_PODFILE_DIR_PATH}/Podfile.lock",
				"${PODS_ROOT}/Manifest.lock",
			);
			name = "[CP] Check Pods Manifest.lock";
			outputPaths = (
				"$(DERIVED_FILE_DIR)/Pods-wallet-checkManifestLockResult.txt",
			);
			runOnlyForDeploymentPostprocessing = 0;
			shellPath = /bin/sh;
			shellScript = "diff \"${PODS_PODFILE_DIR_PATH}/Podfile.lock\" \"${PODS_ROOT}/Manifest.lock\" > /dev/null\nif [ $? != 0 ] ; then\n    # print error to STDERR\n    echo \"error: The sandbox is not in sync with the Podfile.lock. Run 'pod install' or update your CocoaPods installation.\" >&2\n    exit 1\nfi\n# This output is used by Xcode 'outputs' to avoid re-running this script phase.\necho \"SUCCESS\" > \"${SCRIPT_OUTPUT_FILE_0}\"\n";
			showEnvVarsInLog = 0;
		};
/* End PBXShellScriptBuildPhase section */

/* Begin PBXSourcesBuildPhase section */
		F5E99B8922A7B36700FF72EC /* Sources */ = {
			isa = PBXSourcesBuildPhase;
			buildActionMask = 2147483647;
			files = (
				F5DE6A9322AA730300D26992 /* BancorClient.swift in Sources */,
				F5DE6A8622A7E2F800D26992 /* NetworkManager.swift in Sources */,
				F5E99B9122A7B36700FF72EC /* wallet.swift in Sources */,
				F5DE6A8822A7EE1D00D26992 /* ETHClient.swift in Sources */,
				F5DE6A8422A7D95F00D26992 /* Utils.swift in Sources */,
			);
			runOnlyForDeploymentPostprocessing = 0;
		};
/* End PBXSourcesBuildPhase section */

/* Begin XCBuildConfiguration section */
		F5E99B9222A7B36700FF72EC /* Debug */ = {
			isa = XCBuildConfiguration;
			buildSettings = {
				ALWAYS_SEARCH_USER_PATHS = NO;
				CLANG_ANALYZER_NONNULL = YES;
				CLANG_ANALYZER_NUMBER_OBJECT_CONVERSION = YES_AGGRESSIVE;
				CLANG_CXX_LANGUAGE_STANDARD = "gnu++14";
				CLANG_CXX_LIBRARY = "libc++";
				CLANG_ENABLE_MODULES = YES;
				CLANG_ENABLE_OBJC_ARC = YES;
				CLANG_ENABLE_OBJC_WEAK = YES;
				CLANG_WARN_BLOCK_CAPTURE_AUTORELEASING = YES;
				CLANG_WARN_BOOL_CONVERSION = YES;
				CLANG_WARN_COMMA = YES;
				CLANG_WARN_CONSTANT_CONVERSION = YES;
				CLANG_WARN_DEPRECATED_OBJC_IMPLEMENTATIONS = YES;
				CLANG_WARN_DIRECT_OBJC_ISA_USAGE = YES_ERROR;
				CLANG_WARN_DOCUMENTATION_COMMENTS = YES;
				CLANG_WARN_EMPTY_BODY = YES;
				CLANG_WARN_ENUM_CONVERSION = YES;
				CLANG_WARN_INFINITE_RECURSION = YES;
				CLANG_WARN_INT_CONVERSION = YES;
				CLANG_WARN_NON_LITERAL_NULL_CONVERSION = YES;
				CLANG_WARN_OBJC_IMPLICIT_RETAIN_SELF = YES;
				CLANG_WARN_OBJC_LITERAL_CONVERSION = YES;
				CLANG_WARN_OBJC_ROOT_CLASS = YES_ERROR;
				CLANG_WARN_RANGE_LOOP_ANALYSIS = YES;
				CLANG_WARN_STRICT_PROTOTYPES = YES;
				CLANG_WARN_SUSPICIOUS_MOVE = YES;
				CLANG_WARN_UNGUARDED_AVAILABILITY = YES_AGGRESSIVE;
				CLANG_WARN_UNREACHABLE_CODE = YES;
				CLANG_WARN__DUPLICATE_METHOD_MATCH = YES;
				CODE_SIGN_IDENTITY = "iPhone Developer";
				COPY_PHASE_STRIP = NO;
				DEBUG_INFORMATION_FORMAT = dwarf;
				ENABLE_STRICT_OBJC_MSGSEND = YES;
				ENABLE_TESTABILITY = YES;
				GCC_C_LANGUAGE_STANDARD = gnu11;
				GCC_DYNAMIC_NO_PIC = NO;
				GCC_NO_COMMON_BLOCKS = YES;
				GCC_OPTIMIZATION_LEVEL = 0;
				GCC_PREPROCESSOR_DEFINITIONS = (
					"DEBUG=1",
					"$(inherited)",
				);
				GCC_WARN_64_TO_32_BIT_CONVERSION = YES;
				GCC_WARN_ABOUT_RETURN_TYPE = YES_ERROR;
				GCC_WARN_UNDECLARED_SELECTOR = YES;
				GCC_WARN_UNINITIALIZED_AUTOS = YES_AGGRESSIVE;
				GCC_WARN_UNUSED_FUNCTION = YES;
				GCC_WARN_UNUSED_VARIABLE = YES;
				IPHONEOS_DEPLOYMENT_TARGET = 12.1;
				MTL_ENABLE_DEBUG_INFO = INCLUDE_SOURCE;
				MTL_FAST_MATH = YES;
				ONLY_ACTIVE_ARCH = YES;
				SDKROOT = iphoneos;
				SWIFT_ACTIVE_COMPILATION_CONDITIONS = DEBUG;
				SWIFT_OPTIMIZATION_LEVEL = "-Onone";
			};
			name = Debug;
		};
		F5E99B9322A7B36700FF72EC /* Release */ = {
			isa = XCBuildConfiguration;
			buildSettings = {
				ALWAYS_SEARCH_USER_PATHS = NO;
				CLANG_ANALYZER_NONNULL = YES;
				CLANG_ANALYZER_NUMBER_OBJECT_CONVERSION = YES_AGGRESSIVE;
				CLANG_CXX_LANGUAGE_STANDARD = "gnu++14";
				CLANG_CXX_LIBRARY = "libc++";
				CLANG_ENABLE_MODULES = YES;
				CLANG_ENABLE_OBJC_ARC = YES;
				CLANG_ENABLE_OBJC_WEAK = YES;
				CLANG_WARN_BLOCK_CAPTURE_AUTORELEASING = YES;
				CLANG_WARN_BOOL_CONVERSION = YES;
				CLANG_WARN_COMMA = YES;
				CLANG_WARN_CONSTANT_CONVERSION = YES;
				CLANG_WARN_DEPRECATED_OBJC_IMPLEMENTATIONS = YES;
				CLANG_WARN_DIRECT_OBJC_ISA_USAGE = YES_ERROR;
				CLANG_WARN_DOCUMENTATION_COMMENTS = YES;
				CLANG_WARN_EMPTY_BODY = YES;
				CLANG_WARN_ENUM_CONVERSION = YES;
				CLANG_WARN_INFINITE_RECURSION = YES;
				CLANG_WARN_INT_CONVERSION = YES;
				CLANG_WARN_NON_LITERAL_NULL_CONVERSION = YES;
				CLANG_WARN_OBJC_IMPLICIT_RETAIN_SELF = YES;
				CLANG_WARN_OBJC_LITERAL_CONVERSION = YES;
				CLANG_WARN_OBJC_ROOT_CLASS = YES_ERROR;
				CLANG_WARN_RANGE_LOOP_ANALYSIS = YES;
				CLANG_WARN_STRICT_PROTOTYPES = YES;
				CLANG_WARN_SUSPICIOUS_MOVE = YES;
				CLANG_WARN_UNGUARDED_AVAILABILITY = YES_AGGRESSIVE;
				CLANG_WARN_UNREACHABLE_CODE = YES;
				CLANG_WARN__DUPLICATE_METHOD_MATCH = YES;
				CODE_SIGN_IDENTITY = "iPhone Developer";
				COPY_PHASE_STRIP = NO;
				DEBUG_INFORMATION_FORMAT = "dwarf-with-dsym";
				ENABLE_NS_ASSERTIONS = NO;
				ENABLE_STRICT_OBJC_MSGSEND = YES;
				GCC_C_LANGUAGE_STANDARD = gnu11;
				GCC_NO_COMMON_BLOCKS = YES;
				GCC_WARN_64_TO_32_BIT_CONVERSION = YES;
				GCC_WARN_ABOUT_RETURN_TYPE = YES_ERROR;
				GCC_WARN_UNDECLARED_SELECTOR = YES;
				GCC_WARN_UNINITIALIZED_AUTOS = YES_AGGRESSIVE;
				GCC_WARN_UNUSED_FUNCTION = YES;
				GCC_WARN_UNUSED_VARIABLE = YES;
				IPHONEOS_DEPLOYMENT_TARGET = 12.1;
				MTL_ENABLE_DEBUG_INFO = NO;
				MTL_FAST_MATH = YES;
				SDKROOT = iphoneos;
				SWIFT_COMPILATION_MODE = wholemodule;
				SWIFT_OPTIMIZATION_LEVEL = "-O";
				VALIDATE_PRODUCT = YES;
			};
			name = Release;
		};
		F5E99B9522A7B36700FF72EC /* Debug */ = {
			isa = XCBuildConfiguration;
			baseConfigurationReference = 7D5E5918FEBDCCBAB073ACF9 /* Pods-wallet.debug.xcconfig */;
			buildSettings = {
				ALWAYS_EMBED_SWIFT_STANDARD_LIBRARIES = YES;
				CLANG_ANALYZER_LOCALIZABILITY_NONLOCALIZED = YES;
				CLANG_ENABLE_MODULE_DEBUGGING = YES;
				CLANG_ENABLE_OBJC_ARC = NO;
				CODE_SIGN_STYLE = Automatic;
				ENABLE_BITCODE = NO;
				ENABLE_ON_DEMAND_RESOURCES = NO;
				FRAMEWORK_SEARCH_PATHS = (
					"$(inherited)",
					"$(PROJECT_DIR)/Carthage/Build/iOS",
				);
				GCC_SYMBOLS_PRIVATE_EXTERN = YES;
				IPHONEOS_DEPLOYMENT_TARGET = 10.3;
				OTHER_LDFLAGS = (
					"-ObjC",
					"-l\"CoreBitcoin\"",
				);
				PRODUCT_NAME = "$(TARGET_NAME)";
				SKIP_INSTALL = YES;
				SWIFT_OBJC_BRIDGING_HEADER = "wallet/Wallet-Bridging-Header.h";
				SWIFT_VERSION = 4.0;
				TARGETED_DEVICE_FAMILY = 1;
			};
			name = Debug;
		};
		F5E99B9622A7B36700FF72EC /* Release */ = {
			isa = XCBuildConfiguration;
			baseConfigurationReference = FC3C411EAA87EB657EB77058 /* Pods-wallet.release.xcconfig */;
			buildSettings = {
				ALWAYS_EMBED_SWIFT_STANDARD_LIBRARIES = YES;
				CLANG_ANALYZER_LOCALIZABILITY_NONLOCALIZED = YES;
				CLANG_ENABLE_MODULE_DEBUGGING = YES;
				CLANG_ENABLE_OBJC_ARC = NO;
				CODE_SIGN_STYLE = Automatic;
				ENABLE_BITCODE = NO;
				ENABLE_ON_DEMAND_RESOURCES = NO;
				FRAMEWORK_SEARCH_PATHS = (
					"$(inherited)",
					"$(PROJECT_DIR)/Carthage/Build/iOS",
				);
				GCC_SYMBOLS_PRIVATE_EXTERN = YES;
				IPHONEOS_DEPLOYMENT_TARGET = 10.3;
				OTHER_LDFLAGS = (
					"-ObjC",
					"-l\"CoreBitcoin\"",
				);
				PRODUCT_NAME = "$(TARGET_NAME)";
				SKIP_INSTALL = YES;
				SWIFT_OBJC_BRIDGING_HEADER = "wallet/Wallet-Bridging-Header.h";
				SWIFT_VERSION = 4.0;
				TARGETED_DEVICE_FAMILY = 1;
			};
			name = Release;
		};
/* End XCBuildConfiguration section */

/* Begin XCConfigurationList section */
		F5E99B8822A7B36700FF72EC /* Build configuration list for PBXProject "wallet_cnus" */ = {
			isa = XCConfigurationList;
			buildConfigurations = (
				F5E99B9222A7B36700FF72EC /* Debug */,
				F5E99B9322A7B36700FF72EC /* Release */,
			);
			defaultConfigurationIsVisible = 0;
			defaultConfigurationName = Release;
		};
		F5E99B9422A7B36700FF72EC /* Build configuration list for PBXNativeTarget "wallet_cnus" */ = {
			isa = XCConfigurationList;
			buildConfigurations = (
				F5E99B9522A7B36700FF72EC /* Debug */,
				F5E99B9622A7B36700FF72EC /* Release */,
			);
			defaultConfigurationIsVisible = 0;
			defaultConfigurationName = Release;
		};
/* End XCConfigurationList section */
	};
	rootObject = F5E99B8522A7B36700FF72EC /* Project object */;
}
